
Microsoft Visual Studio Solution File, Format Version 12.00
# Visual Studio Version 16
VisualStudioVersion = 16.0.30011.22
MinimumVisualStudioVersion = 10.0.40219.1
Project("{FAE04EC0-301F-11D3-BF4B-00C04F79EFBC}") = "Empresa.CadastroFuncionarios", "Empresa.CadastroFuncionarios\Empresa.CadastroFuncionarios.csproj", "{EE407C5B-D4AB-484D-B429-2DA8CC7BBE70}"
EndProject
Project("{2150E333-8FDC-42A3-9474-1A3956D46DE8}") = "Solution Items", "Solution Items", "{6AF84040-58E1-4287-93E4-2EE423C04AD8}"
	ProjectSection(SolutionItems) = preProject
		Requisitos.txt = Requisitos.txt
	EndProjectSection
EndProject
Global
	GlobalSection(SolutionConfigurationPlatforms) = preSolution
		Debug|Any CPU = Debug|Any CPU
		Release|Any CPU = Release|Any CPU
	EndGlobalSection
	GlobalSection(ProjectConfigurationPlatforms) = postSolution
		{EE407C5B-D4AB-484D-B429-2DA8CC7BBE70}.Debug|Any CPU.ActiveCfg = Debug|Any CPU
		{EE407C5B-D4AB-484D-B429-2DA8CC7BBE70}.Debug|Any CPU.Build.0 = Debug|Any CPU
		{EE407C5B-D4AB-484D-B429-2DA8CC7BBE70}.Release|Any CPU.ActiveCfg = Release|Any CPU
		{EE407C5B-D4AB-484D-B429-2DA8CC7BBE70}.Release|Any CPU.Build.0 = Release|Any CPU
	EndGlobalSection
	GlobalSection(SolutionProperties) = preSolution
		HideSolutionNode = FALSE
	EndGlobalSection
	GlobalSection(ExtensibilityGlobals) = postSolution
		SolutionGuid = {8FBB4A85-35EB-48C6-A658-F13AE6093CB1}
	EndGlobalSection
EndGlobal
